{
  "name": "snyknpm",
  "version": "1.0.0",
  "lockfileVersion": 3,
  "requires": true,
  "packages": {
    "": {
      "name": "snyknpm",
      "version": "1.0.0",
      "license": "ISC",
      "dependencies": {
        "juicy-chat-bot": "^0.8.0"
      }
    },
    "node_modules/@nlpjs/core": {
      "version": "4.26.1",
      "resolved": "http://localhost:8081/repository/npm-mirror/@nlpjs/core/-/core-4.26.1.tgz",
      "integrity": "sha512-M/PeFddsi3y7Z1piFJxsLGm5/xdMhcrpOsml7s6CTEgYo8iduaT30HDd61tZxDyvvJseU6uFqlXSn7XKkAcC1g==",
      "license": "MIT"
    },
    "node_modules/@nlpjs/core-loader": {
      "version": "4.26.1",
      "resolved": "http://localhost:8081/repository/npm-mirror/@nlpjs/core-loader/-/core-loader-4.26.1.tgz",
      "integrity": "sha512-IiRtn65bdiUSQHy2kusco2fmhk39u2Mc2c5Fsm9+9EVG6BtJCmVEFU/btAzGDAmxEA/E4qKecaAT4LvcW6TPbA==",
      "license": "MIT",
      "dependencies": {
        "@nlpjs/core": "^4.26.1",
        "@nlpjs/request": "^4.25.0"
      }
    },
    "node_modules/@nlpjs/evaluator": {
      "version": "4.26.1",
      "resolved": "http://localhost:8081/repository/npm-mirror/@nlpjs/evaluator/-/evaluator-4.26.1.tgz",
      "integrity": "sha512-WeUrC8qq7+V8Jhkkjc2yiXdzy9V0wbETv8/qasQmL0QmEuwBDJF+fvfl4z2vWpBb0vW07A8aNrFElKELzbpkdg==",
      "license": "MIT",
      "dependencies": {
        "escodegen": "^2.0.0",
        "esprima": "^4.0.1"
      }
    },
    "node_modules/@nlpjs/lang-en": {
      "version": "4.26.1",
      "resolved": "http://localhost:8081/repository/npm-mirror/@nlpjs/lang-en/-/lang-en-4.26.1.tgz",
      "integrity": "sha512-GVoJpOjyk5TtBAqo/fxsiuuH7jXycyakGT0gw5f01u9lOmUnpJegvXyGff/Nb0j14pXcGHXOhmpWrcTrG2B0LQ==",
      "license": "MIT",
      "dependencies": {
        "@nlpjs/core": "^4.26.1",
        "@nlpjs/lang-en-min": "^4.26.1"
      }
    },
    "node_modules/@nlpjs/lang-en-min": {
      "version": "4.26.1",
      "resolved": "http://localhost:8081/repository/npm-mirror/@nlpjs/lang-en-min/-/lang-en-min-4.26.1.tgz",
      "integrity": "sha512-1sJZ7dy7ysqzbsB8IklguvB88J8EPIv4XGVkZCcwecKtOw+fp5LAsZ3TJVmEf18iK1gD4cEGr7qZg5fpPxTpWQ==",
      "license": "MIT",
      "dependencies": {
        "@nlpjs/core": "^4.26.1"
      }
    },
    "node_modules/@nlpjs/language": {
      "version": "4.25.0",
      "resolved": "http://localhost:8081/repository/npm-mirror/@nlpjs/language/-/language-4.25.0.tgz",
      "integrity": "sha512-tUF6QENoUQ/E26RYc32IgsttStSF9cNO4ySN+BQECn8VpjukWdwbMw073MlOLXzjfeobxa+3hCVrmPPcW+V3UA==",
      "license": "MIT"
    },
    "node_modules/@nlpjs/language-min": {
      "version": "4.25.0",
      "resolved": "http://localhost:8081/repository/npm-mirror/@nlpjs/language-min/-/language-min-4.25.0.tgz",
      "integrity": "sha512-g8jtbDbqtRm+dlD/1Vnb4VWfKbKteApEGVTqIMxYkk6N/HMhvLZ5J2svrxzrB98a/HZ0fb//YBfFgymnz9Oukg==",
      "license": "MIT"
    },
    "node_modules/@nlpjs/ner": {
      "version": "4.27.0",
      "resolved": "http://localhost:8081/repository/npm-mirror/@nlpjs/ner/-/ner-4.27.0.tgz",
      "integrity": "sha512-ptwkxriJdmgHSH9TfP10JQ1jviaSl2SupSFGUvTuWkuJhobQd3hbnlSq40V6XYvJNmqh9M9zEab/AKeghxYOTA==",
      "license": "MIT",
      "dependencies": {
        "@nlpjs/core": "^4.26.1",
        "@nlpjs/language-min": "^4.25.0",
        "@nlpjs/similarity": "^4.26.1"
      }
    },
    "node_modules/@nlpjs/neural": {
      "version": "4.25.0",
      "resolved": "http://localhost:8081/repository/npm-mirror/@nlpjs/neural/-/neural-4.25.0.tgz",
      "integrity": "sha512-Oz20denGiBe0DlQsS7lN4TNrATN1nXlHKc/HB6jJPegjVmgJVCugDaHwIGoV7qOWyA6F2fRRwOgD+quNT2gVpg==",
      "license": "MIT"
    },
    "node_modules/@nlpjs/nlg": {
      "version": "4.26.1",
      "resolved": "http://localhost:8081/repository/npm-mirror/@nlpjs/nlg/-/nlg-4.26.1.tgz",
      "integrity": "sha512-PCJWiZ7464ChXXUGvjBZIFtoqkC24Oy6X63HgQrSv+63svz22Y5Cmu1MYLk77Nb+4keWv+hKhFJKDkvJoOpBVg==",
      "license": "MIT",
      "dependencies": {
        "@nlpjs/core": "^4.26.1"
      }
    },
    "node_modules/@nlpjs/nlp": {
      "version": "4.27.0",
      "resolved": "http://localhost:8081/repository/npm-mirror/@nlpjs/nlp/-/nlp-4.27.0.tgz",
      "integrity": "sha512-q6X7sY6TYVnQRZJKF/6mfLFlNA5oRYLhgQ5k3i1IBqH9lbWTAZJr31w/dCf97HXaYaj+vJp3h0ucfNumme9EIw==",
      "license": "MIT",
      "dependencies": {
        "@nlpjs/core": "^4.26.1",
        "@nlpjs/ner": "^4.27.0",
        "@nlpjs/nlg": "^4.26.1",
        "@nlpjs/nlu": "^4.27.0",
        "@nlpjs/sentiment": "^4.26.1",
        "@nlpjs/slot": "^4.26.1"
      }
    },
    "node_modules/@nlpjs/nlu": {
      "version": "4.27.0",
      "resolved": "http://localhost:8081/repository/npm-mirror/@nlpjs/nlu/-/nlu-4.27.0.tgz",
      "integrity": "sha512-j4DUdoXS/y/Xag6ysYXx7Ve8NBmUVViUSCJhj3r49+zGyYtyVAHuVcqSej5q0tJjn0JSMT+6+ip8klON1q8ixw==",
      "license": "MIT",
      "dependencies": {
        "@nlpjs/core": "^4.26.1",
        "@nlpjs/language-min": "^4.25.0",
        "@nlpjs/neural": "^4.25.0",
        "@nlpjs/similarity": "^4.26.1"
      }
    },
    "node_modules/@nlpjs/request": {
      "version": "4.25.0",
      "resolved": "http://localhost:8081/repository/npm-mirror/@nlpjs/request/-/request-4.25.0.tgz",
      "integrity": "sha512-MPVYWfFZY03WyFL7GWkUkv8tw968OXsdxFSJEvjXHzhiCe/vAlPCWbvoR+VnoQTgzLHxs/KIF6sIF2s9AzsLmQ==",
      "license": "MIT",
      "dependencies": {
        "http-proxy-agent": "^5.0.0",
        "https-proxy-agent": "^5.0.0"
      }
    },
    "node_modules/@nlpjs/sentiment": {
      "version": "4.26.1",
      "resolved": "http://localhost:8081/repository/npm-mirror/@nlpjs/sentiment/-/sentiment-4.26.1.tgz",
      "integrity": "sha512-U2WmcW3w6yDDO45+Y7v5e6DPQj8e0x+RUUePPyRu2uIZmUtIKG+qCPMWnNLMmYQZoSQEFxmMMlLcGDC7tN7o3w==",
      "license": "MIT",
      "dependencies": {
        "@nlpjs/core": "^4.26.1",
        "@nlpjs/language-min": "^4.25.0",
        "@nlpjs/neural": "^4.25.0"
      }
    },
    "node_modules/@nlpjs/similarity": {
      "version": "4.26.1",
      "resolved": "http://localhost:8081/repository/npm-mirror/@nlpjs/similarity/-/similarity-4.26.1.tgz",
      "integrity": "sha512-QutSBFGo/huNuz60PgqCjub0oBd9S8MLrjme33U5GzxuSvToQzXtn9/ynIia8qDm009D09VXV+LPeNE4h7yuSg==",
      "license": "MIT"
    },
    "node_modules/@nlpjs/slot": {
      "version": "4.26.1",
      "resolved": "http://localhost:8081/repository/npm-mirror/@nlpjs/slot/-/slot-4.26.1.tgz",
      "integrity": "sha512-mK8EEy5O+mRGne822PIKMxHSFh8j+iC7hGJ6T31XdFsNhFEYXLI/0dmeBstZgTSKBTe27HNFgCCwuGb77u0o9w==",
      "license": "MIT"
    },
    "node_modules/@tootallnate/once": {
      "version": "2.0.0",
      "resolved": "http://localhost:8081/repository/npm-mirror/@tootallnate/once/-/once-2.0.0.tgz",
      "integrity": "sha512-XCuKFP5PS55gnMVu3dty8KPatLqUoy/ZYzDzAGCQ8JNFCkLXzmI7vNHCR+XpbZaMWQK/vQubr7PkYq8g470J/A==",
      "license": "MIT",
      "engines": {
        "node": ">= 10"
      }
    },
    "node_modules/acorn": {
      "version": "8.10.0",
      "resolved": "http://localhost:8081/repository/npm-mirror/acorn/-/acorn-8.10.0.tgz",
      "integrity": "sha512-F0SAmZ8iUtS//m8DmCTA0jlh6TDKkHQyK6xc6V4KDTyZKA9dnvX9/3sRTVQrWm79glUAZbnmmNcdYwUIHWVybw==",
      "license": "MIT",
      "bin": {
        "acorn": "bin/acorn"
      },
      "engines": {
        "node": ">=0.4.0"
      }
    },
    "node_modules/acorn-walk": {
      "version": "8.2.0",
      "resolved": "http://localhost:8081/repository/npm-mirror/acorn-walk/-/acorn-walk-8.2.0.tgz",
      "integrity": "sha512-k+iyHEuPgSw6SbuDpGQM+06HQUa04DZ3o+F6CSzXMvvI5KMvnaEqXe+YVe555R9nn6GPt404fos4wcgpw12SDA==",
      "license": "MIT",
      "engines": {
        "node": ">=0.4.0"
      }
    },
    "node_modules/agent-base": {
      "version": "6.0.2",
      "resolved": "http://localhost:8081/repository/npm-mirror/agent-base/-/agent-base-6.0.2.tgz",
      "integrity": "sha512-RZNwNclF7+MS/8bDg70amg32dyeZGZxiDuQmZxKLAlQjr3jGyLx+4Kkk58UO7D2QdgFIQCovuSuZESne6RG6XQ==",
      "license": "MIT",
      "dependencies": {
        "debug": "4"
      },
      "engines": {
        "node": ">= 6.0.0"
      }
    },
    "node_modules/debug": {
      "version": "4.3.4",
      "resolved": "http://localhost:8081/repository/npm-mirror/debug/-/debug-4.3.4.tgz",
      "integrity": "sha512-PRWFHuSU3eDtQJPvnNY7Jcket1j0t5OuOsFzPPzsekD52Zl8qUfFIPEiswXqIvHWGVHOgX+7G/vCNNhehwxfkQ==",
      "license": "MIT",
      "dependencies": {
        "ms": "2.1.2"
      },
      "engines": {
        "node": ">=6.0"
      },
      "peerDependenciesMeta": {
        "supports-color": {
          "optional": true
        }
      }
    },
    "node_modules/escodegen": {
      "version": "2.1.0",
      "resolved": "http://localhost:8081/repository/npm-mirror/escodegen/-/escodegen-2.1.0.tgz",
      "integrity": "sha512-2NlIDTwUWJN0mRPQOdtQBzbUHvdGY2P1VXSyU83Q3xKxM7WHX2Ql8dKq782Q9TgQUNOLEzEYu9bzLNj1q88I5w==",
      "license": "BSD-2-Clause",
      "dependencies": {
        "esprima": "^4.0.1",
        "estraverse": "^5.2.0",
        "esutils": "^2.0.2"
      },
      "bin": {
        "escodegen": "bin/escodegen.js",
        "esgenerate": "bin/esgenerate.js"
      },
      "engines": {
        "node": ">=6.0"
      },
      "optionalDependencies": {
        "source-map": "~0.6.1"
      }
    },
    "node_modules/esprima": {
      "version": "4.0.1",
      "resolved": "http://localhost:8081/repository/npm-mirror/esprima/-/esprima-4.0.1.tgz",
      "integrity": "sha512-eGuFFw7Upda+g4p+QHvnW0RyTX/SVeJBDM/gCtMARO0cLuT2HcEKnTPvhjV6aGeqrCB/sbNop0Kszm0jsaWU4A==",
      "license": "BSD-2-Clause",
      "bin": {
        "esparse": "bin/esparse.js",
        "esvalidate": "bin/esvalidate.js"
      },
      "engines": {
        "node": ">=4"
      }
    },
    "node_modules/estraverse": {
      "version": "5.3.0",
      "resolved": "http://localhost:8081/repository/npm-mirror/estraverse/-/estraverse-5.3.0.tgz",
      "integrity": "sha512-MMdARuVEQziNTeJD8DgMqmhwR11BRQ/cBP+pLtYdSTnf3MIO8fFeiINEbX36ZdNlfU/7A9f3gUw49B3oQsvwBA==",
      "license": "BSD-2-Clause",
      "engines": {
        "node": ">=4.0"
      }
    },
    "node_modules/esutils": {
      "version": "2.0.3",
      "resolved": "http://localhost:8081/repository/npm-mirror/esutils/-/esutils-2.0.3.tgz",
      "integrity": "sha512-kVscqXk4OCp68SZ0dkgEKVi6/8ij300KBWTJq32P/dYeWTSwK41WyTxalN1eRmA5Z9UU/LX9D7FWSmV9SAYx6g==",
      "license": "BSD-2-Clause",
      "engines": {
        "node": ">=0.10.0"
      }
    },
    "node_modules/http-proxy-agent": {
      "version": "5.0.0",
      "resolved": "http://localhost:8081/repository/npm-mirror/http-proxy-agent/-/http-proxy-agent-5.0.0.tgz",
      "integrity": "sha512-n2hY8YdoRE1i7r6M0w9DIw5GgZN0G25P8zLCRQ8rjXtTU3vsNFBI/vWK/UIeE6g5MUUz6avwAPXmL6Fy9D/90w==",
      "license": "MIT",
      "dependencies": {
        "@tootallnate/once": "2",
        "agent-base": "6",
        "debug": "4"
      },
      "engines": {
        "node": ">= 6"
      }
    },
    "node_modules/https-proxy-agent": {
      "version": "5.0.1",
      "resolved": "http://localhost:8081/repository/npm-mirror/https-proxy-agent/-/https-proxy-agent-5.0.1.tgz",
      "integrity": "sha512-dFcAjpTQFgoLMzC2VwU+C/CbS7uRL0lWmxDITmqm7C+7F0Odmj6s9l6alZc6AELXhrnggM2CeWSXHGOdX2YtwA==",
      "license": "MIT",
      "dependencies": {
        "agent-base": "6",
        "debug": "4"
      },
      "engines": {
        "node": ">= 6"
      }
    },
    "node_modules/juicy-chat-bot": {
      "version": "0.8.0",
      "resolved": "http://localhost:8081/repository/npm-mirror/juicy-chat-bot/-/juicy-chat-bot-0.8.0.tgz",
      "integrity": "sha512-EixqEZI9OFYrFFvDi6jHzcR7EhvU5hvBrUit9UiF5FyXcXUf4p0XE+90E7/aMBNXKJYeteSLlcMvQhtH58xxtw==",
      "license": "MIT",
      "dependencies": {
        "@nlpjs/core-loader": "^4.4.0",
        "@nlpjs/evaluator": "^4.4.0",
        "@nlpjs/lang-en": "^4.4.0",
        "@nlpjs/language": "^4.3.0",
        "@nlpjs/nlp": "^4.4.0",
        "@nlpjs/nlu": "^4.4.0",
        "@nlpjs/request": "^4.4.0",
        "@nlpjs/sentiment": "^4.4.0",
        "vm2": "3.9.17"
      }
    },
    "node_modules/ms": {
      "version": "2.1.2",
      "resolved": "http://localhost:8081/repository/npm-mirror/ms/-/ms-2.1.2.tgz",
      "integrity": "sha512-sGkPx+VjMtmA6MX27oA4FBFELFCZZ4S4XqeGOXCv68tT+jb3vk/RyaKWP0PTKyWtmLSM0b+adUTEvbs1PEaH2w==",
      "license": "MIT"
    },
    "node_modules/source-map": {
      "version": "0.6.1",
      "resolved": "http://localhost:8081/repository/npm-mirror/source-map/-/source-map-0.6.1.tgz",
      "integrity": "sha512-UjgapumWlbMhkBgzT7Ykc5YXUT46F0iKu8SGXq0bcwP5dz/h0Plj6enJqjz1Zbq2l5WaqYnrVbwWOWMyF3F47g==",
      "license": "BSD-3-Clause",
      "optional": true,
      "engines": {
        "node": ">=0.10.0"
      }
    },
    "node_modules/vm2": {
      "version": "3.9.17",
      "resolved": "http://localhost:8081/repository/npm-mirror/vm2/-/vm2-3.9.17.tgz",
      "integrity": "sha512-AqwtCnZ/ERcX+AVj9vUsphY56YANXxRuqMb7GsDtAr0m0PcQX3u0Aj3KWiXM0YAHy7i6JEeHrwOnwXbGYgRpAw==",
      "deprecated": "The library contains critical security issues and should not be used for production! The maintenance of the project has been discontinued. Consider migrating your code to isolated-vm.",
      "license": "MIT",
      "dependencies": {
        "acorn": "^8.7.0",
        "acorn-walk": "^8.2.0"
      },
      "bin": {
        "vm2": "bin/vm2"
      },
      "engines": {
        "node": ">=6.0"
      }
    }
  }
}
